
Microsoft Visual Studio Solution File, Format Version 12.00
# Visual Studio 14
VisualStudioVersion = 14.0.25420.1
MinimumVisualStudioVersion = 10.0.40219.1
Project("{FAE04EC0-301F-11D3-BF4B-00C04F79EFBC}") = "RealEC.TestAutomation", "RealEC.TestAutomation\RealEC.TestAutomation.csproj", "{5BBD94A7-E8C4-408B-A4D5-EA154BEF4A8D}"
	ProjectSection(ProjectDependencies) = postProject
		{34D2B587-02DE-4EF7-A1DF-E18D2626BFCB} = {34D2B587-02DE-4EF7-A1DF-E18D2626BFCB}
		{E5C9C394-C828-41F7-8461-D82F9B456A98} = {E5C9C394-C828-41F7-8461-D82F9B456A98}
	EndProjectSection
EndProject
Project("{FAE04EC0-301F-11D3-BF4B-00C04F79EFBC}") = "IntegrationSharedSteps", "SharedSteps\IntegrationSharedSteps.csproj", "{F0A33F8D-9960-4B8B-B7CD-4156FCD6D4CE}"
EndProject
Project("{FAE04EC0-301F-11D3-BF4B-00C04F79EFBC}") = "ReportCreator", "ReportCreator\ReportCreator.csproj", "{34D2B587-02DE-4EF7-A1DF-E18D2626BFCB}"
EndProject
Project("{FAE04EC0-301F-11D3-BF4B-00C04F79EFBC}") = "UISharedSteps", "UISharedSteps\UISharedSteps.csproj", "{8A2DE6F5-925B-4C8C-B358-BE2FA15BB8CD}"
EndProject
Project("{FAE04EC0-301F-11D3-BF4B-00C04F79EFBC}") = "ResultsPublisher", "ResultPublisher\ResultsPublisher.csproj", "{E5C9C394-C828-41F7-8461-D82F9B456A98}"
EndProject
Project("{2150E333-8FDC-42A3-9474-1A3956D46DE8}") = "Solution Items", "Solution Items", "{9A4E66A2-2166-4958-B734-6BAAB8206DA8}"
	ProjectSection(SolutionItems) = preProject
		.tfignore = .tfignore
		AnalyticsRules.testsettings = AnalyticsRules.testsettings
		AVS.testsettings = AVS.testsettings
		BAC.testsettings = BAC.testsettings
		ChaseMPX.testsettings = ChaseMPX.testsettings
		CoreComponents.testsettings = CoreComponents.testsettings
		DocStorage.testsettings = DocStorage.testsettings
		ExternalLibraries\ICSharpCode.SharpZipLib.dll = ExternalLibraries\ICSharpCode.SharpZipLib.dll
		ExternalLibraries\log4net.config = ExternalLibraries\log4net.config
		ExternalLibraries\log4net.dll = ExternalLibraries\log4net.dll
		ExternalLibraries\log4net.xml = ExternalLibraries\log4net.xml
		LUI.testsettings = LUI.testsettings
		LUIPUI.testsettings = LUIPUI.testsettings
		ExternalLibraries\Microsoft.WITDataStore32.dll = ExternalLibraries\Microsoft.WITDataStore32.dll
		.nuget\NuGet.config = .nuget\NuGet.config
		postBuild.ps1 = postBuild.ps1
		PUI.testsettings = PUI.testsettings
		QI.testsettings = QI.testsettings
		sonarRunner.bat = sonarRunner.bat
		UCDP.testsettings = UCDP.testsettings
		ValuationInsight.testsettings = ValuationInsight.testsettings
		WellsFargo.testsettings = WellsFargo.testsettings
	EndProjectSection
EndProject
Project("{FAE04EC0-301F-11D3-BF4B-00C04F79EFBC}") = "ContainerUtil", "SharedContainer\ContainerUtil.csproj", "{5EEFA54E-4D7A-410E-AF4E-B252E89DC4AC}"
EndProject
Project("{FAE04EC0-301F-11D3-BF4B-00C04F79EFBC}") = "AbstractionLibrary", "AbstractionLibrary\AbstractionLibrary.csproj", "{D6415DB1-8E60-4873-8C67-1F634CE12E3F}"
EndProject
Project("{FAE04EC0-301F-11D3-BF4B-00C04F79EFBC}") = "TestWellsFargo", "TestWellsFargo\TestWellsFargo.csproj", "{78EEB39C-F96F-43D9-9964-B7CF70B2C496}"
EndProject
Project("{FAE04EC0-301F-11D3-BF4B-00C04F79EFBC}") = "TestPUI", "PUI\TestPUI.csproj", "{A959E70D-6285-4F83-AA63-7D63E2AD40E7}"
EndProject
Project("{FAE04EC0-301F-11D3-BF4B-00C04F79EFBC}") = "RealEC.Selenium", "RealECSelenium\RealEC.Selenium.csproj", "{544EC422-7954-4C21-89FE-81FA4F9F66CA}"
EndProject
Project("{FAE04EC0-301F-11D3-BF4B-00C04F79EFBC}") = "TestValuationInsight", "TestValuationInsight\TestValuationInsight.csproj", "{80C9673B-A3D3-43BA-8E08-08D4E602F3E7}"
EndProject
Project("{FAE04EC0-301F-11D3-BF4B-00C04F79EFBC}") = "TestCoreComponents", "TestCoreComponents\TestCoreComponents.csproj", "{7C2DECBB-3551-4F92-9C0A-6B1A5F94C803}"
EndProject
Project("{FAE04EC0-301F-11D3-BF4B-00C04F79EFBC}") = "TestQI", "TestQI\TestQI.csproj", "{7EE0F35E-CB0E-438E-8B4D-06AD47DE054C}"
EndProject
Project("{FAE04EC0-301F-11D3-BF4B-00C04F79EFBC}") = "CommonParameter", "CommonParameter\CommonParameter.csproj", "{36DF5AB4-A39E-4021-AEAA-DB565DB949D7}"
EndProject
Project("{FAE04EC0-301F-11D3-BF4B-00C04F79EFBC}") = "TestLUI", "TestLUI\TestLUI.csproj", "{2553D00B-3855-4049-9388-F2E5FA0D7B21}"
EndProject
Project("{FAE04EC0-301F-11D3-BF4B-00C04F79EFBC}") = "AbstractBaseLibrary", "AbstractBaseLibrary\AbstractBaseLibrary.csproj", "{0DFDF9DA-AF5B-4A82-BCC0-89F739A96A9D}"
EndProject
Project("{FAE04EC0-301F-11D3-BF4B-00C04F79EFBC}") = "TestAVS", "TestAVS\TestAVS.csproj", "{B4972B8C-3FCE-476E-8794-E0E56340C6B2}"
EndProject
Project("{FAE04EC0-301F-11D3-BF4B-00C04F79EFBC}") = "TestAnalyticsRules", "TestAnalyticsRules\TestAnalyticsRules.csproj", "{22EFA703-269A-454F-A67C-F007BCAC2ECB}"
EndProject
Project("{FAE04EC0-301F-11D3-BF4B-00C04F79EFBC}") = "TestDocStorage", "TestDocStorage\TestDocStorage.csproj", "{E4DEAF11-FA8D-4D6F-9693-4074112D005B}"
EndProject
Project("{2150E333-8FDC-42A3-9474-1A3956D46DE8}") = ".nuget", ".nuget", "{FE69A93D-5774-4B23-A84B-0C8A2021461C}"
	ProjectSection(SolutionItems) = preProject
		.nuget\NuGet.config = .nuget\NuGet.config
	EndProjectSection
EndProject
Project("{FAE04EC0-301F-11D3-BF4B-00C04F79EFBC}") = "TestChaseMPX", "TestChaseMPX\TestChaseMPX.csproj", "{7F71BA3F-AEF4-4B41-92C0-195C3A211760}"
EndProject
Project("{FAE04EC0-301F-11D3-BF4B-00C04F79EFBC}") = "TestVIRules", "TestVIRules\TestVIRules.csproj", "{7231FACF-8395-43A0-BA15-FF650877C763}"
EndProject
Project("{FAE04EC0-301F-11D3-BF4B-00C04F79EFBC}") = "TestClosingInsight", "TestClosingInsight\TestClosingInsight.csproj", "{7FF7D071-8E3A-4C36-ABDF-74277792C05F}"
EndProject
Project("{FAE04EC0-301F-11D3-BF4B-00C04F79EFBC}") = "TestUCDP", "TestUCDP\TestUCDP.csproj", "{DCC968C7-54D3-4A94-8DFF-800CFD07B3AB}"
EndProject
Project("{FAE04EC0-301F-11D3-BF4B-00C04F79EFBC}") = "RealEC.Sikuli", "RealEC.Sikuli\RealEC.Sikuli.csproj", "{05E780E5-3BCA-4582-833C-B8DCE8604B8A}"
EndProject
Global
	GlobalSection(SolutionConfigurationPlatforms) = preSolution
		Debug|Any CPU = Debug|Any CPU
		Debug|Mixed Platforms = Debug|Mixed Platforms
		Debug|x86 = Debug|x86
		Release|Any CPU = Release|Any CPU
		Release|Mixed Platforms = Release|Mixed Platforms
		Release|x86 = Release|x86
	EndGlobalSection
	GlobalSection(ProjectConfigurationPlatforms) = postSolution
		{5BBD94A7-E8C4-408B-A4D5-EA154BEF4A8D}.Debug|Any CPU.ActiveCfg = Debug|Any CPU
		{5BBD94A7-E8C4-408B-A4D5-EA154BEF4A8D}.Debug|Any CPU.Build.0 = Debug|Any CPU
		{5BBD94A7-E8C4-408B-A4D5-EA154BEF4A8D}.Debug|Mixed Platforms.ActiveCfg = Debug|Any CPU
		{5BBD94A7-E8C4-408B-A4D5-EA154BEF4A8D}.Debug|Mixed Platforms.Build.0 = Debug|Any CPU
		{5BBD94A7-E8C4-408B-A4D5-EA154BEF4A8D}.Debug|x86.ActiveCfg = Debug|Any CPU
		{5BBD94A7-E8C4-408B-A4D5-EA154BEF4A8D}.Release|Any CPU.ActiveCfg = Release|Any CPU
		{5BBD94A7-E8C4-408B-A4D5-EA154BEF4A8D}.Release|Any CPU.Build.0 = Release|Any CPU
		{5BBD94A7-E8C4-408B-A4D5-EA154BEF4A8D}.Release|Mixed Platforms.ActiveCfg = Debug|Any CPU
		{5BBD94A7-E8C4-408B-A4D5-EA154BEF4A8D}.Release|Mixed Platforms.Build.0 = Debug|Any CPU
		{5BBD94A7-E8C4-408B-A4D5-EA154BEF4A8D}.Release|x86.ActiveCfg = Release|Any CPU
		{F0A33F8D-9960-4B8B-B7CD-4156FCD6D4CE}.Debug|Any CPU.ActiveCfg = Debug|Any CPU
		{F0A33F8D-9960-4B8B-B7CD-4156FCD6D4CE}.Debug|Any CPU.Build.0 = Debug|Any CPU
		{F0A33F8D-9960-4B8B-B7CD-4156FCD6D4CE}.Debug|Mixed Platforms.ActiveCfg = Debug|Any CPU
		{F0A33F8D-9960-4B8B-B7CD-4156FCD6D4CE}.Debug|Mixed Platforms.Build.0 = Debug|Any CPU
		{F0A33F8D-9960-4B8B-B7CD-4156FCD6D4CE}.Debug|x86.ActiveCfg = Debug|Any CPU
		{F0A33F8D-9960-4B8B-B7CD-4156FCD6D4CE}.Release|Any CPU.ActiveCfg = Release|Any CPU
		{F0A33F8D-9960-4B8B-B7CD-4156FCD6D4CE}.Release|Any CPU.Build.0 = Release|Any CPU
		{F0A33F8D-9960-4B8B-B7CD-4156FCD6D4CE}.Release|Mixed Platforms.ActiveCfg = Debug|Any CPU
		{F0A33F8D-9960-4B8B-B7CD-4156FCD6D4CE}.Release|Mixed Platforms.Build.0 = Debug|Any CPU
		{F0A33F8D-9960-4B8B-B7CD-4156FCD6D4CE}.Release|x86.ActiveCfg = Release|Any CPU
		{34D2B587-02DE-4EF7-A1DF-E18D2626BFCB}.Debug|Any CPU.ActiveCfg = Debug|Any CPU
		{34D2B587-02DE-4EF7-A1DF-E18D2626BFCB}.Debug|Any CPU.Build.0 = Debug|Any CPU
		{34D2B587-02DE-4EF7-A1DF-E18D2626BFCB}.Debug|Mixed Platforms.ActiveCfg = Debug|Any CPU
		{34D2B587-02DE-4EF7-A1DF-E18D2626BFCB}.Debug|Mixed Platforms.Build.0 = Debug|Any CPU
		{34D2B587-02DE-4EF7-A1DF-E18D2626BFCB}.Debug|x86.ActiveCfg = Debug|Any CPU
		{34D2B587-02DE-4EF7-A1DF-E18D2626BFCB}.Release|Any CPU.ActiveCfg = Release|Any CPU
		{34D2B587-02DE-4EF7-A1DF-E18D2626BFCB}.Release|Any CPU.Build.0 = Release|Any CPU
		{34D2B587-02DE-4EF7-A1DF-E18D2626BFCB}.Release|Mixed Platforms.ActiveCfg = Debug|Any CPU
		{34D2B587-02DE-4EF7-A1DF-E18D2626BFCB}.Release|Mixed Platforms.Build.0 = Debug|Any CPU
		{34D2B587-02DE-4EF7-A1DF-E18D2626BFCB}.Release|x86.ActiveCfg = Release|Any CPU
		{8A2DE6F5-925B-4C8C-B358-BE2FA15BB8CD}.Debug|Any CPU.ActiveCfg = Debug|Any CPU
		{8A2DE6F5-925B-4C8C-B358-BE2FA15BB8CD}.Debug|Any CPU.Build.0 = Debug|Any CPU
		{8A2DE6F5-925B-4C8C-B358-BE2FA15BB8CD}.Debug|Mixed Platforms.ActiveCfg = Debug|Any CPU
		{8A2DE6F5-925B-4C8C-B358-BE2FA15BB8CD}.Debug|Mixed Platforms.Build.0 = Debug|Any CPU
		{8A2DE6F5-925B-4C8C-B358-BE2FA15BB8CD}.Debug|x86.ActiveCfg = Debug|Any CPU
		{8A2DE6F5-925B-4C8C-B358-BE2FA15BB8CD}.Release|Any CPU.ActiveCfg = Release|Any CPU
		{8A2DE6F5-925B-4C8C-B358-BE2FA15BB8CD}.Release|Any CPU.Build.0 = Release|Any CPU
		{8A2DE6F5-925B-4C8C-B358-BE2FA15BB8CD}.Release|Mixed Platforms.ActiveCfg = Debug|Any CPU
		{8A2DE6F5-925B-4C8C-B358-BE2FA15BB8CD}.Release|Mixed Platforms.Build.0 = Debug|Any CPU
		{8A2DE6F5-925B-4C8C-B358-BE2FA15BB8CD}.Release|x86.ActiveCfg = Release|Any CPU
		{E5C9C394-C828-41F7-8461-D82F9B456A98}.Debug|Any CPU.ActiveCfg = Debug|x86
		{E5C9C394-C828-41F7-8461-D82F9B456A98}.Debug|Mixed Platforms.ActiveCfg = Debug|x86
		{E5C9C394-C828-41F7-8461-D82F9B456A98}.Debug|Mixed Platforms.Build.0 = Debug|x86
		{E5C9C394-C828-41F7-8461-D82F9B456A98}.Debug|x86.ActiveCfg = Debug|x86
		{E5C9C394-C828-41F7-8461-D82F9B456A98}.Debug|x86.Build.0 = Debug|x86
		{E5C9C394-C828-41F7-8461-D82F9B456A98}.Release|Any CPU.ActiveCfg = Release|x86
		{E5C9C394-C828-41F7-8461-D82F9B456A98}.Release|Mixed Platforms.ActiveCfg = Debug|x86
		{E5C9C394-C828-41F7-8461-D82F9B456A98}.Release|Mixed Platforms.Build.0 = Debug|x86
		{E5C9C394-C828-41F7-8461-D82F9B456A98}.Release|x86.ActiveCfg = Release|x86
		{E5C9C394-C828-41F7-8461-D82F9B456A98}.Release|x86.Build.0 = Release|x86
		{5EEFA54E-4D7A-410E-AF4E-B252E89DC4AC}.Debug|Any CPU.ActiveCfg = Debug|Any CPU
		{5EEFA54E-4D7A-410E-AF4E-B252E89DC4AC}.Debug|Any CPU.Build.0 = Debug|Any CPU
		{5EEFA54E-4D7A-410E-AF4E-B252E89DC4AC}.Debug|Mixed Platforms.ActiveCfg = Debug|Any CPU
		{5EEFA54E-4D7A-410E-AF4E-B252E89DC4AC}.Debug|Mixed Platforms.Build.0 = Debug|Any CPU
		{5EEFA54E-4D7A-410E-AF4E-B252E89DC4AC}.Debug|x86.ActiveCfg = Debug|Any CPU
		{5EEFA54E-4D7A-410E-AF4E-B252E89DC4AC}.Release|Any CPU.ActiveCfg = Release|Any CPU
		{5EEFA54E-4D7A-410E-AF4E-B252E89DC4AC}.Release|Any CPU.Build.0 = Release|Any CPU
		{5EEFA54E-4D7A-410E-AF4E-B252E89DC4AC}.Release|Mixed Platforms.ActiveCfg = Debug|Any CPU
		{5EEFA54E-4D7A-410E-AF4E-B252E89DC4AC}.Release|Mixed Platforms.Build.0 = Debug|Any CPU
		{5EEFA54E-4D7A-410E-AF4E-B252E89DC4AC}.Release|x86.ActiveCfg = Release|Any CPU
		{D6415DB1-8E60-4873-8C67-1F634CE12E3F}.Debug|Any CPU.ActiveCfg = Debug|Any CPU
		{D6415DB1-8E60-4873-8C67-1F634CE12E3F}.Debug|Any CPU.Build.0 = Debug|Any CPU
		{D6415DB1-8E60-4873-8C67-1F634CE12E3F}.Debug|Mixed Platforms.ActiveCfg = Debug|Any CPU
		{D6415DB1-8E60-4873-8C67-1F634CE12E3F}.Debug|Mixed Platforms.Build.0 = Debug|Any CPU
		{D6415DB1-8E60-4873-8C67-1F634CE12E3F}.Debug|x86.ActiveCfg = Debug|Any CPU
		{D6415DB1-8E60-4873-8C67-1F634CE12E3F}.Release|Any CPU.ActiveCfg = Release|Any CPU
		{D6415DB1-8E60-4873-8C67-1F634CE12E3F}.Release|Any CPU.Build.0 = Release|Any CPU
		{D6415DB1-8E60-4873-8C67-1F634CE12E3F}.Release|Mixed Platforms.ActiveCfg = Debug|Any CPU
		{D6415DB1-8E60-4873-8C67-1F634CE12E3F}.Release|Mixed Platforms.Build.0 = Debug|Any CPU
		{D6415DB1-8E60-4873-8C67-1F634CE12E3F}.Release|x86.ActiveCfg = Release|Any CPU
		{78EEB39C-F96F-43D9-9964-B7CF70B2C496}.Debug|Any CPU.ActiveCfg = Debug|Any CPU
		{78EEB39C-F96F-43D9-9964-B7CF70B2C496}.Debug|Any CPU.Build.0 = Debug|Any CPU
		{78EEB39C-F96F-43D9-9964-B7CF70B2C496}.Debug|Mixed Platforms.ActiveCfg = Debug|Any CPU
		{78EEB39C-F96F-43D9-9964-B7CF70B2C496}.Debug|Mixed Platforms.Build.0 = Debug|Any CPU
		{78EEB39C-F96F-43D9-9964-B7CF70B2C496}.Debug|x86.ActiveCfg = Debug|Any CPU
		{78EEB39C-F96F-43D9-9964-B7CF70B2C496}.Release|Any CPU.ActiveCfg = Release|Any CPU
		{78EEB39C-F96F-43D9-9964-B7CF70B2C496}.Release|Any CPU.Build.0 = Release|Any CPU
		{78EEB39C-F96F-43D9-9964-B7CF70B2C496}.Release|Mixed Platforms.ActiveCfg = Debug|Any CPU
		{78EEB39C-F96F-43D9-9964-B7CF70B2C496}.Release|Mixed Platforms.Build.0 = Debug|Any CPU
		{78EEB39C-F96F-43D9-9964-B7CF70B2C496}.Release|x86.ActiveCfg = Release|Any CPU
		{A959E70D-6285-4F83-AA63-7D63E2AD40E7}.Debug|Any CPU.ActiveCfg = Debug|Any CPU
		{A959E70D-6285-4F83-AA63-7D63E2AD40E7}.Debug|Any CPU.Build.0 = Debug|Any CPU
		{A959E70D-6285-4F83-AA63-7D63E2AD40E7}.Debug|Mixed Platforms.ActiveCfg = Debug|Any CPU
		{A959E70D-6285-4F83-AA63-7D63E2AD40E7}.Debug|Mixed Platforms.Build.0 = Debug|Any CPU
		{A959E70D-6285-4F83-AA63-7D63E2AD40E7}.Debug|x86.ActiveCfg = Debug|Any CPU
		{A959E70D-6285-4F83-AA63-7D63E2AD40E7}.Debug|x86.Build.0 = Debug|Any CPU
		{A959E70D-6285-4F83-AA63-7D63E2AD40E7}.Release|Any CPU.ActiveCfg = Release|Any CPU
		{A959E70D-6285-4F83-AA63-7D63E2AD40E7}.Release|Any CPU.Build.0 = Release|Any CPU
		{A959E70D-6285-4F83-AA63-7D63E2AD40E7}.Release|Mixed Platforms.ActiveCfg = Debug|Any CPU
		{A959E70D-6285-4F83-AA63-7D63E2AD40E7}.Release|Mixed Platforms.Build.0 = Debug|Any CPU
		{A959E70D-6285-4F83-AA63-7D63E2AD40E7}.Release|x86.ActiveCfg = Release|Any CPU
		{A959E70D-6285-4F83-AA63-7D63E2AD40E7}.Release|x86.Build.0 = Release|Any CPU
		{544EC422-7954-4C21-89FE-81FA4F9F66CA}.Debug|Any CPU.ActiveCfg = Debug|Any CPU
		{544EC422-7954-4C21-89FE-81FA4F9F66CA}.Debug|Any CPU.Build.0 = Debug|Any CPU
		{544EC422-7954-4C21-89FE-81FA4F9F66CA}.Debug|Mixed Platforms.ActiveCfg = Debug|Any CPU
		{544EC422-7954-4C21-89FE-81FA4F9F66CA}.Debug|Mixed Platforms.Build.0 = Debug|Any CPU
		{544EC422-7954-4C21-89FE-81FA4F9F66CA}.Debug|x86.ActiveCfg = Debug|Any CPU
		{544EC422-7954-4C21-89FE-81FA4F9F66CA}.Debug|x86.Build.0 = Debug|Any CPU
		{544EC422-7954-4C21-89FE-81FA4F9F66CA}.Release|Any CPU.ActiveCfg = Release|Any CPU
		{544EC422-7954-4C21-89FE-81FA4F9F66CA}.Release|Any CPU.Build.0 = Release|Any CPU
		{544EC422-7954-4C21-89FE-81FA4F9F66CA}.Release|Mixed Platforms.ActiveCfg = Debug|Any CPU
		{544EC422-7954-4C21-89FE-81FA4F9F66CA}.Release|Mixed Platforms.Build.0 = Debug|Any CPU
		{544EC422-7954-4C21-89FE-81FA4F9F66CA}.Release|x86.ActiveCfg = Release|Any CPU
		{544EC422-7954-4C21-89FE-81FA4F9F66CA}.Release|x86.Build.0 = Release|Any CPU
		{80C9673B-A3D3-43BA-8E08-08D4E602F3E7}.Debug|Any CPU.ActiveCfg = Debug|Any CPU
		{80C9673B-A3D3-43BA-8E08-08D4E602F3E7}.Debug|Any CPU.Build.0 = Debug|Any CPU
		{80C9673B-A3D3-43BA-8E08-08D4E602F3E7}.Debug|Mixed Platforms.ActiveCfg = Debug|Any CPU
		{80C9673B-A3D3-43BA-8E08-08D4E602F3E7}.Debug|Mixed Platforms.Build.0 = Debug|Any CPU
		{80C9673B-A3D3-43BA-8E08-08D4E602F3E7}.Debug|x86.ActiveCfg = Debug|Any CPU
		{80C9673B-A3D3-43BA-8E08-08D4E602F3E7}.Debug|x86.Build.0 = Debug|Any CPU
		{80C9673B-A3D3-43BA-8E08-08D4E602F3E7}.Release|Any CPU.ActiveCfg = Release|Any CPU
		{80C9673B-A3D3-43BA-8E08-08D4E602F3E7}.Release|Any CPU.Build.0 = Release|Any CPU
		{80C9673B-A3D3-43BA-8E08-08D4E602F3E7}.Release|Mixed Platforms.ActiveCfg = Debug|Any CPU
		{80C9673B-A3D3-43BA-8E08-08D4E602F3E7}.Release|Mixed Platforms.Build.0 = Debug|Any CPU
		{80C9673B-A3D3-43BA-8E08-08D4E602F3E7}.Release|x86.ActiveCfg = Release|Any CPU
		{80C9673B-A3D3-43BA-8E08-08D4E602F3E7}.Release|x86.Build.0 = Release|Any CPU
		{7C2DECBB-3551-4F92-9C0A-6B1A5F94C803}.Debug|Any CPU.ActiveCfg = Debug|Any CPU
		{7C2DECBB-3551-4F92-9C0A-6B1A5F94C803}.Debug|Any CPU.Build.0 = Debug|Any CPU
		{7C2DECBB-3551-4F92-9C0A-6B1A5F94C803}.Debug|Mixed Platforms.ActiveCfg = Debug|Any CPU
		{7C2DECBB-3551-4F92-9C0A-6B1A5F94C803}.Debug|Mixed Platforms.Build.0 = Debug|Any CPU
		{7C2DECBB-3551-4F92-9C0A-6B1A5F94C803}.Debug|x86.ActiveCfg = Debug|Any CPU
		{7C2DECBB-3551-4F92-9C0A-6B1A5F94C803}.Debug|x86.Build.0 = Debug|Any CPU
		{7C2DECBB-3551-4F92-9C0A-6B1A5F94C803}.Release|Any CPU.ActiveCfg = Release|Any CPU
		{7C2DECBB-3551-4F92-9C0A-6B1A5F94C803}.Release|Any CPU.Build.0 = Release|Any CPU
		{7C2DECBB-3551-4F92-9C0A-6B1A5F94C803}.Release|Mixed Platforms.ActiveCfg = Debug|Any CPU
		{7C2DECBB-3551-4F92-9C0A-6B1A5F94C803}.Release|Mixed Platforms.Build.0 = Debug|Any CPU
		{7C2DECBB-3551-4F92-9C0A-6B1A5F94C803}.Release|x86.ActiveCfg = Release|Any CPU
		{7C2DECBB-3551-4F92-9C0A-6B1A5F94C803}.Release|x86.Build.0 = Release|Any CPU
		{7EE0F35E-CB0E-438E-8B4D-06AD47DE054C}.Debug|Any CPU.ActiveCfg = Debug|Any CPU
		{7EE0F35E-CB0E-438E-8B4D-06AD47DE054C}.Debug|Any CPU.Build.0 = Debug|Any CPU
		{7EE0F35E-CB0E-438E-8B4D-06AD47DE054C}.Debug|Mixed Platforms.ActiveCfg = Debug|Any CPU
		{7EE0F35E-CB0E-438E-8B4D-06AD47DE054C}.Debug|Mixed Platforms.Build.0 = Debug|Any CPU
		{7EE0F35E-CB0E-438E-8B4D-06AD47DE054C}.Debug|x86.ActiveCfg = Debug|Any CPU
		{7EE0F35E-CB0E-438E-8B4D-06AD47DE054C}.Debug|x86.Build.0 = Debug|Any CPU
		{7EE0F35E-CB0E-438E-8B4D-06AD47DE054C}.Release|Any CPU.ActiveCfg = Release|Any CPU
		{7EE0F35E-CB0E-438E-8B4D-06AD47DE054C}.Release|Any CPU.Build.0 = Release|Any CPU
		{7EE0F35E-CB0E-438E-8B4D-06AD47DE054C}.Release|Mixed Platforms.ActiveCfg = Debug|Any CPU
		{7EE0F35E-CB0E-438E-8B4D-06AD47DE054C}.Release|Mixed Platforms.Build.0 = Debug|Any CPU
		{7EE0F35E-CB0E-438E-8B4D-06AD47DE054C}.Release|x86.ActiveCfg = Release|Any CPU
		{7EE0F35E-CB0E-438E-8B4D-06AD47DE054C}.Release|x86.Build.0 = Release|Any CPU
		{36DF5AB4-A39E-4021-AEAA-DB565DB949D7}.Debug|Any CPU.ActiveCfg = Debug|Any CPU
		{36DF5AB4-A39E-4021-AEAA-DB565DB949D7}.Debug|Any CPU.Build.0 = Debug|Any CPU
		{36DF5AB4-A39E-4021-AEAA-DB565DB949D7}.Debug|Mixed Platforms.ActiveCfg = Debug|Any CPU
		{36DF5AB4-A39E-4021-AEAA-DB565DB949D7}.Debug|Mixed Platforms.Build.0 = Debug|Any CPU
		{36DF5AB4-A39E-4021-AEAA-DB565DB949D7}.Debug|x86.ActiveCfg = Debug|Any CPU
		{36DF5AB4-A39E-4021-AEAA-DB565DB949D7}.Debug|x86.Build.0 = Debug|Any CPU
		{36DF5AB4-A39E-4021-AEAA-DB565DB949D7}.Release|Any CPU.ActiveCfg = Release|Any CPU
		{36DF5AB4-A39E-4021-AEAA-DB565DB949D7}.Release|Any CPU.Build.0 = Release|Any CPU
		{36DF5AB4-A39E-4021-AEAA-DB565DB949D7}.Release|Mixed Platforms.ActiveCfg = Debug|Any CPU
		{36DF5AB4-A39E-4021-AEAA-DB565DB949D7}.Release|Mixed Platforms.Build.0 = Debug|Any CPU
		{36DF5AB4-A39E-4021-AEAA-DB565DB949D7}.Release|x86.ActiveCfg = Release|Any CPU
		{36DF5AB4-A39E-4021-AEAA-DB565DB949D7}.Release|x86.Build.0 = Release|Any CPU
		{2553D00B-3855-4049-9388-F2E5FA0D7B21}.Debug|Any CPU.ActiveCfg = Debug|Any CPU
		{2553D00B-3855-4049-9388-F2E5FA0D7B21}.Debug|Any CPU.Build.0 = Debug|Any CPU
		{2553D00B-3855-4049-9388-F2E5FA0D7B21}.Debug|Mixed Platforms.ActiveCfg = Debug|Any CPU
		{2553D00B-3855-4049-9388-F2E5FA0D7B21}.Debug|Mixed Platforms.Build.0 = Debug|Any CPU
		{2553D00B-3855-4049-9388-F2E5FA0D7B21}.Debug|x86.ActiveCfg = Debug|Any CPU
		{2553D00B-3855-4049-9388-F2E5FA0D7B21}.Debug|x86.Build.0 = Debug|Any CPU
		{2553D00B-3855-4049-9388-F2E5FA0D7B21}.Release|Any CPU.ActiveCfg = Release|Any CPU
		{2553D00B-3855-4049-9388-F2E5FA0D7B21}.Release|Any CPU.Build.0 = Release|Any CPU
		{2553D00B-3855-4049-9388-F2E5FA0D7B21}.Release|Mixed Platforms.ActiveCfg = Debug|Any CPU
		{2553D00B-3855-4049-9388-F2E5FA0D7B21}.Release|Mixed Platforms.Build.0 = Debug|Any CPU
		{2553D00B-3855-4049-9388-F2E5FA0D7B21}.Release|x86.ActiveCfg = Release|Any CPU
		{2553D00B-3855-4049-9388-F2E5FA0D7B21}.Release|x86.Build.0 = Release|Any CPU
		{0DFDF9DA-AF5B-4A82-BCC0-89F739A96A9D}.Debug|Any CPU.ActiveCfg = Debug|Any CPU
		{0DFDF9DA-AF5B-4A82-BCC0-89F739A96A9D}.Debug|Any CPU.Build.0 = Debug|Any CPU
		{0DFDF9DA-AF5B-4A82-BCC0-89F739A96A9D}.Debug|Mixed Platforms.ActiveCfg = Debug|Any CPU
		{0DFDF9DA-AF5B-4A82-BCC0-89F739A96A9D}.Debug|Mixed Platforms.Build.0 = Debug|Any CPU
		{0DFDF9DA-AF5B-4A82-BCC0-89F739A96A9D}.Debug|x86.ActiveCfg = Debug|Any CPU
		{0DFDF9DA-AF5B-4A82-BCC0-89F739A96A9D}.Debug|x86.Build.0 = Debug|Any CPU
		{0DFDF9DA-AF5B-4A82-BCC0-89F739A96A9D}.Release|Any CPU.ActiveCfg = Release|Any CPU
		{0DFDF9DA-AF5B-4A82-BCC0-89F739A96A9D}.Release|Any CPU.Build.0 = Release|Any CPU
		{0DFDF9DA-AF5B-4A82-BCC0-89F739A96A9D}.Release|Mixed Platforms.ActiveCfg = Debug|Any CPU
		{0DFDF9DA-AF5B-4A82-BCC0-89F739A96A9D}.Release|Mixed Platforms.Build.0 = Debug|Any CPU
		{0DFDF9DA-AF5B-4A82-BCC0-89F739A96A9D}.Release|x86.ActiveCfg = Release|Any CPU
		{0DFDF9DA-AF5B-4A82-BCC0-89F739A96A9D}.Release|x86.Build.0 = Release|Any CPU
		{B4972B8C-3FCE-476E-8794-E0E56340C6B2}.Debug|Any CPU.ActiveCfg = Debug|Any CPU
		{B4972B8C-3FCE-476E-8794-E0E56340C6B2}.Debug|Any CPU.Build.0 = Debug|Any CPU
		{B4972B8C-3FCE-476E-8794-E0E56340C6B2}.Debug|Mixed Platforms.ActiveCfg = Debug|Any CPU
		{B4972B8C-3FCE-476E-8794-E0E56340C6B2}.Debug|Mixed Platforms.Build.0 = Debug|Any CPU
		{B4972B8C-3FCE-476E-8794-E0E56340C6B2}.Debug|x86.ActiveCfg = Debug|Any CPU
		{B4972B8C-3FCE-476E-8794-E0E56340C6B2}.Debug|x86.Build.0 = Debug|Any CPU
		{B4972B8C-3FCE-476E-8794-E0E56340C6B2}.Release|Any CPU.ActiveCfg = Release|Any CPU
		{B4972B8C-3FCE-476E-8794-E0E56340C6B2}.Release|Any CPU.Build.0 = Release|Any CPU
		{B4972B8C-3FCE-476E-8794-E0E56340C6B2}.Release|Mixed Platforms.ActiveCfg = Debug|Any CPU
		{B4972B8C-3FCE-476E-8794-E0E56340C6B2}.Release|Mixed Platforms.Build.0 = Debug|Any CPU
		{B4972B8C-3FCE-476E-8794-E0E56340C6B2}.Release|x86.ActiveCfg = Release|Any CPU
		{B4972B8C-3FCE-476E-8794-E0E56340C6B2}.Release|x86.Build.0 = Release|Any CPU
		{22EFA703-269A-454F-A67C-F007BCAC2ECB}.Debug|Any CPU.ActiveCfg = Debug|Any CPU
		{22EFA703-269A-454F-A67C-F007BCAC2ECB}.Debug|Any CPU.Build.0 = Debug|Any CPU
		{22EFA703-269A-454F-A67C-F007BCAC2ECB}.Debug|Mixed Platforms.ActiveCfg = Debug|Any CPU
		{22EFA703-269A-454F-A67C-F007BCAC2ECB}.Debug|Mixed Platforms.Build.0 = Debug|Any CPU
		{22EFA703-269A-454F-A67C-F007BCAC2ECB}.Debug|x86.ActiveCfg = Debug|Any CPU
		{22EFA703-269A-454F-A67C-F007BCAC2ECB}.Debug|x86.Build.0 = Debug|Any CPU
		{22EFA703-269A-454F-A67C-F007BCAC2ECB}.Release|Any CPU.ActiveCfg = Release|Any CPU
		{22EFA703-269A-454F-A67C-F007BCAC2ECB}.Release|Any CPU.Build.0 = Release|Any CPU
		{22EFA703-269A-454F-A67C-F007BCAC2ECB}.Release|Mixed Platforms.ActiveCfg = Debug|Any CPU
		{22EFA703-269A-454F-A67C-F007BCAC2ECB}.Release|Mixed Platforms.Build.0 = Debug|Any CPU
		{22EFA703-269A-454F-A67C-F007BCAC2ECB}.Release|x86.ActiveCfg = Release|Any CPU
		{22EFA703-269A-454F-A67C-F007BCAC2ECB}.Release|x86.Build.0 = Release|Any CPU
		{E4DEAF11-FA8D-4D6F-9693-4074112D005B}.Debug|Any CPU.ActiveCfg = Debug|Any CPU
		{E4DEAF11-FA8D-4D6F-9693-4074112D005B}.Debug|Any CPU.Build.0 = Debug|Any CPU
		{E4DEAF11-FA8D-4D6F-9693-4074112D005B}.Debug|Mixed Platforms.ActiveCfg = Debug|Any CPU
		{E4DEAF11-FA8D-4D6F-9693-4074112D005B}.Debug|Mixed Platforms.Build.0 = Debug|Any CPU
		{E4DEAF11-FA8D-4D6F-9693-4074112D005B}.Debug|x86.ActiveCfg = Debug|Any CPU
		{E4DEAF11-FA8D-4D6F-9693-4074112D005B}.Debug|x86.Build.0 = Debug|Any CPU
		{E4DEAF11-FA8D-4D6F-9693-4074112D005B}.Release|Any CPU.ActiveCfg = Release|Any CPU
		{E4DEAF11-FA8D-4D6F-9693-4074112D005B}.Release|Any CPU.Build.0 = Release|Any CPU
		{E4DEAF11-FA8D-4D6F-9693-4074112D005B}.Release|Mixed Platforms.ActiveCfg = Debug|Any CPU
		{E4DEAF11-FA8D-4D6F-9693-4074112D005B}.Release|Mixed Platforms.Build.0 = Debug|Any CPU
		{E4DEAF11-FA8D-4D6F-9693-4074112D005B}.Release|x86.ActiveCfg = Release|Any CPU
		{E4DEAF11-FA8D-4D6F-9693-4074112D005B}.Release|x86.Build.0 = Release|Any CPU
		{7F71BA3F-AEF4-4B41-92C0-195C3A211760}.Debug|Any CPU.ActiveCfg = Debug|Any CPU
		{7F71BA3F-AEF4-4B41-92C0-195C3A211760}.Debug|Any CPU.Build.0 = Debug|Any CPU
		{7F71BA3F-AEF4-4B41-92C0-195C3A211760}.Debug|Mixed Platforms.ActiveCfg = Debug|Any CPU
		{7F71BA3F-AEF4-4B41-92C0-195C3A211760}.Debug|Mixed Platforms.Build.0 = Debug|Any CPU
		{7F71BA3F-AEF4-4B41-92C0-195C3A211760}.Debug|x86.ActiveCfg = Debug|Any CPU
		{7F71BA3F-AEF4-4B41-92C0-195C3A211760}.Debug|x86.Build.0 = Debug|Any CPU
		{7F71BA3F-AEF4-4B41-92C0-195C3A211760}.Release|Any CPU.ActiveCfg = Release|Any CPU
		{7F71BA3F-AEF4-4B41-92C0-195C3A211760}.Release|Any CPU.Build.0 = Release|Any CPU
		{7F71BA3F-AEF4-4B41-92C0-195C3A211760}.Release|Mixed Platforms.ActiveCfg = Debug|Any CPU
		{7F71BA3F-AEF4-4B41-92C0-195C3A211760}.Release|Mixed Platforms.Build.0 = Debug|Any CPU
		{7F71BA3F-AEF4-4B41-92C0-195C3A211760}.Release|x86.ActiveCfg = Release|Any CPU
		{7F71BA3F-AEF4-4B41-92C0-195C3A211760}.Release|x86.Build.0 = Release|Any CPU
		{7231FACF-8395-43A0-BA15-FF650877C763}.Debug|Any CPU.ActiveCfg = Debug|Any CPU
		{7231FACF-8395-43A0-BA15-FF650877C763}.Debug|Any CPU.Build.0 = Debug|Any CPU
		{7231FACF-8395-43A0-BA15-FF650877C763}.Debug|Mixed Platforms.ActiveCfg = Debug|Any CPU
		{7231FACF-8395-43A0-BA15-FF650877C763}.Debug|Mixed Platforms.Build.0 = Debug|Any CPU
		{7231FACF-8395-43A0-BA15-FF650877C763}.Debug|x86.ActiveCfg = Debug|Any CPU
		{7231FACF-8395-43A0-BA15-FF650877C763}.Debug|x86.Build.0 = Debug|Any CPU
		{7231FACF-8395-43A0-BA15-FF650877C763}.Release|Any CPU.ActiveCfg = Release|Any CPU
		{7231FACF-8395-43A0-BA15-FF650877C763}.Release|Any CPU.Build.0 = Release|Any CPU
		{7231FACF-8395-43A0-BA15-FF650877C763}.Release|Mixed Platforms.ActiveCfg = Debug|Any CPU
		{7231FACF-8395-43A0-BA15-FF650877C763}.Release|Mixed Platforms.Build.0 = Debug|Any CPU
		{7231FACF-8395-43A0-BA15-FF650877C763}.Release|x86.ActiveCfg = Release|Any CPU
		{7231FACF-8395-43A0-BA15-FF650877C763}.Release|x86.Build.0 = Release|Any CPU
		{7FF7D071-8E3A-4C36-ABDF-74277792C05F}.Debug|Any CPU.ActiveCfg = Debug|Any CPU
		{7FF7D071-8E3A-4C36-ABDF-74277792C05F}.Debug|Any CPU.Build.0 = Debug|Any CPU
		{7FF7D071-8E3A-4C36-ABDF-74277792C05F}.Debug|Mixed Platforms.ActiveCfg = Debug|Any CPU
		{7FF7D071-8E3A-4C36-ABDF-74277792C05F}.Debug|Mixed Platforms.Build.0 = Debug|Any CPU
		{7FF7D071-8E3A-4C36-ABDF-74277792C05F}.Debug|x86.ActiveCfg = Debug|Any CPU
		{7FF7D071-8E3A-4C36-ABDF-74277792C05F}.Debug|x86.Build.0 = Debug|Any CPU
		{7FF7D071-8E3A-4C36-ABDF-74277792C05F}.Release|Any CPU.ActiveCfg = Release|Any CPU
		{7FF7D071-8E3A-4C36-ABDF-74277792C05F}.Release|Any CPU.Build.0 = Release|Any CPU
		{7FF7D071-8E3A-4C36-ABDF-74277792C05F}.Release|Mixed Platforms.ActiveCfg = Debug|Any CPU
		{7FF7D071-8E3A-4C36-ABDF-74277792C05F}.Release|Mixed Platforms.Build.0 = Debug|Any CPU
		{7FF7D071-8E3A-4C36-ABDF-74277792C05F}.Release|x86.ActiveCfg = Release|Any CPU
		{7FF7D071-8E3A-4C36-ABDF-74277792C05F}.Release|x86.Build.0 = Release|Any CPU
		{DCC968C7-54D3-4A94-8DFF-800CFD07B3AB}.Debug|Any CPU.ActiveCfg = Debug|Any CPU
		{DCC968C7-54D3-4A94-8DFF-800CFD07B3AB}.Debug|Any CPU.Build.0 = Debug|Any CPU
		{DCC968C7-54D3-4A94-8DFF-800CFD07B3AB}.Debug|Mixed Platforms.ActiveCfg = Debug|Any CPU
		{DCC968C7-54D3-4A94-8DFF-800CFD07B3AB}.Debug|Mixed Platforms.Build.0 = Debug|Any CPU
		{DCC968C7-54D3-4A94-8DFF-800CFD07B3AB}.Debug|x86.ActiveCfg = Debug|Any CPU
		{DCC968C7-54D3-4A94-8DFF-800CFD07B3AB}.Debug|x86.Build.0 = Debug|Any CPU
		{DCC968C7-54D3-4A94-8DFF-800CFD07B3AB}.Release|Any CPU.ActiveCfg = Release|Any CPU
		{DCC968C7-54D3-4A94-8DFF-800CFD07B3AB}.Release|Any CPU.Build.0 = Release|Any CPU
		{DCC968C7-54D3-4A94-8DFF-800CFD07B3AB}.Release|Mixed Platforms.ActiveCfg = Debug|Any CPU
		{DCC968C7-54D3-4A94-8DFF-800CFD07B3AB}.Release|Mixed Platforms.Build.0 = Debug|Any CPU
		{DCC968C7-54D3-4A94-8DFF-800CFD07B3AB}.Release|x86.ActiveCfg = Release|Any CPU
		{DCC968C7-54D3-4A94-8DFF-800CFD07B3AB}.Release|x86.Build.0 = Release|Any CPU
		{05E780E5-3BCA-4582-833C-B8DCE8604B8A}.Debug|Any CPU.ActiveCfg = Debug|Any CPU
		{05E780E5-3BCA-4582-833C-B8DCE8604B8A}.Debug|Any CPU.Build.0 = Debug|Any CPU
		{05E780E5-3BCA-4582-833C-B8DCE8604B8A}.Debug|Mixed Platforms.ActiveCfg = Debug|Any CPU
		{05E780E5-3BCA-4582-833C-B8DCE8604B8A}.Debug|Mixed Platforms.Build.0 = Debug|Any CPU
		{05E780E5-3BCA-4582-833C-B8DCE8604B8A}.Debug|x86.ActiveCfg = Debug|Any CPU
		{05E780E5-3BCA-4582-833C-B8DCE8604B8A}.Debug|x86.Build.0 = Debug|Any CPU
		{05E780E5-3BCA-4582-833C-B8DCE8604B8A}.Release|Any CPU.ActiveCfg = Release|Any CPU
		{05E780E5-3BCA-4582-833C-B8DCE8604B8A}.Release|Any CPU.Build.0 = Release|Any CPU
		{05E780E5-3BCA-4582-833C-B8DCE8604B8A}.Release|Mixed Platforms.ActiveCfg = Debug|Any CPU
		{05E780E5-3BCA-4582-833C-B8DCE8604B8A}.Release|Mixed Platforms.Build.0 = Debug|Any CPU
		{05E780E5-3BCA-4582-833C-B8DCE8604B8A}.Release|x86.ActiveCfg = Release|Any CPU
		{05E780E5-3BCA-4582-833C-B8DCE8604B8A}.Release|x86.Build.0 = Release|Any CPU
	EndGlobalSection
	GlobalSection(SolutionProperties) = preSolution
		HideSolutionNode = FALSE
	EndGlobalSection
	GlobalSection(ExtensibilityGlobals) = postSolution
		EnterpriseLibraryConfigurationToolBinariesPathV6 = packages\EnterpriseLibrary.Common.6.0.1304.0\lib\NET45;packages\EnterpriseLibrary.Logging.6.0.1304.0\lib\NET45;packages\EnterpriseLibrary.Data.6.0.1304.0\lib\NET45
	EndGlobalSection
	GlobalSection(TeamFoundationVersionControl) = preSolution
		SccNumberOfProjects = 25
		SccEnterpriseProvider = {4CA58AB2-18FA-4F8D-95D4-32DDF27D184C}
		SccTeamFoundationServer = http://houdevtfs01:8080/tfs/enterprise
		SccLocalPath0 = .
		SccProjectUniqueName1 = RealEC.TestAutomation\\RealEC.TestAutomation.csproj
		SccProjectName1 = RealEC.TestAutomation
		SccLocalPath1 = RealEC.TestAutomation
		SccProjectUniqueName2 = AbstractionLibrary\\AbstractionLibrary.csproj
		SccProjectName2 = AbstractionLibrary
		SccLocalPath2 = AbstractionLibrary
		SccProjectUniqueName3 = CommonParameter\\CommonParameter.csproj
		SccProjectName3 = CommonParameter
		SccLocalPath3 = CommonParameter
		SccProjectUniqueName4 = AbstractBaseLibrary\\AbstractBaseLibrary.csproj
		SccProjectName4 = AbstractBaseLibrary
		SccLocalPath4 = AbstractBaseLibrary
		SccProjectUniqueName5 = RealECSelenium\\RealEC.Selenium.csproj
		SccProjectName5 = RealECSelenium
		SccLocalPath5 = RealECSelenium
		SccProjectUniqueName6 = SharedSteps\\IntegrationSharedSteps.csproj
		SccProjectName6 = SharedSteps
		SccLocalPath6 = SharedSteps
		SccProjectUniqueName7 = UISharedSteps\\UISharedSteps.csproj
		SccProjectName7 = UISharedSteps
		SccLocalPath7 = UISharedSteps
		SccProjectUniqueName8 = SharedContainer\\ContainerUtil.csproj
		SccProjectName8 = SharedContainer
		SccLocalPath8 = SharedContainer
		SccProjectUniqueName9 = TestLUI\\TestLUI.csproj
		SccProjectName9 = TestLUI
		SccLocalPath9 = TestLUI
		SccProjectUniqueName10 = TestQI\\TestQI.csproj
		SccProjectName10 = TestQI
		SccLocalPath10 = TestQI
		SccProjectUniqueName11 = ReportCreator\\ReportCreator.csproj
		SccProjectName11 = ReportCreator
		SccLocalPath11 = ReportCreator
		SccProjectUniqueName12 = ResultPublisher\\ResultsPublisher.csproj
		SccProjectName12 = ResultPublisher
		SccLocalPath12 = ResultPublisher
		SccProjectUniqueName13 = TestWellsFargo\\TestWellsFargo.csproj
		SccProjectName13 = TestWellsFargo
		SccLocalPath13 = TestWellsFargo
		SccProjectUniqueName14 = PUI\\TestPUI.csproj
		SccProjectName14 = PUI
		SccLocalPath14 = PUI
		SccProjectUniqueName15 = TestValuationInsight\\TestValuationInsight.csproj
		SccProjectName15 = TestValuationInsight
		SccLocalPath15 = TestValuationInsight
		SccProjectUniqueName16 = TestCoreComponents\\TestCoreComponents.csproj
		SccProjectName16 = TestCoreComponents
		SccLocalPath16 = TestCoreComponents
		SccProjectUniqueName17 = TestAVS\\TestAVS.csproj
		SccProjectName17 = TestAVS
		SccLocalPath17 = TestAVS
		SccProjectUniqueName18 = TestAnalyticsRules\\TestAnalyticsRules.csproj
		SccProjectName18 = TestAnalyticsRules
		SccLocalPath18 = TestAnalyticsRules
		SccProjectUniqueName19 = TestDocStorage\\TestDocStorage.csproj
		SccProjectName19 = TestDocStorage
		SccLocalPath19 = TestDocStorage
		SccProjectUniqueName20 = TestChaseMPX\\TestChaseMPX.csproj
		SccProjectName20 = TestChaseMPX
		SccLocalPath20 = TestChaseMPX
		SccProjectUniqueName21 = TestVIRules\\TestVIRules.csproj
		SccProjectName21 = TestVIRules
		SccLocalPath21 = TestVIRules
		SccProjectUniqueName22 = TestUCDP\\TestUCDP.csproj
		SccProjectName22 = TestUCDP
		SccLocalPath22 = TestUCDP
		SccProjectUniqueName23 = TestClosingInsight\\TestClosingInsight.csproj
		SccProjectName23 = TestClosingInsight
		SccLocalPath23 = TestClosingInsight
		SccProjectUniqueName24 = RealEC.Sikuli\\RealEC.Sikuli.csproj
		SccProjectName24 = RealEC.Sikuli
		SccLocalPath24 = RealEC.Sikuli
	EndGlobalSection
EndGlobal
